
Microsoft Visual Studio Solution File, Format Version 12.00
# Visual Studio Version 16
VisualStudioVersion = 16.0.31229.75
MinimumVisualStudioVersion = 10.0.40219.1
Project("{FAE04EC0-301F-11D3-BF4B-00C04F79EFBC}") = "innosys-api", "innosys-api\innosys-api.csproj", "{0DAC56E7-53CB-419F-9680-7F0650FC0796}"
EndProject
Project("{FAE04EC0-301F-11D3-BF4B-00C04F79EFBC}") = "innosys-domain", "innosys-domain\innosys-domain.csproj", "{EED649DF-07E4-4300-951E-74BFE61BA613}"
EndProject
Project("{FAE04EC0-301F-11D3-BF4B-00C04F79EFBC}") = "innosys-application", "innosys-application\innosys-application.csproj", "{0DDBC42A-4669-4EF0-9E53-E558E6075C1B}"
EndProject
Global
	GlobalSection(SolutionConfigurationPlatforms) = preSolution
		Debug|Any CPU = Debug|Any CPU
		Release|Any CPU = Release|Any CPU
	EndGlobalSection
	GlobalSection(ProjectConfigurationPlatforms) = postSolution
		{0DAC56E7-53CB-419F-9680-7F0650FC0796}.Debug|Any CPU.ActiveCfg = Debug|Any CPU
		{0DAC56E7-53CB-419F-9680-7F0650FC0796}.Debug|Any CPU.Build.0 = Debug|Any CPU
		{0DAC56E7-53CB-419F-9680-7F0650FC0796}.Release|Any CPU.ActiveCfg = Release|Any CPU
		{0DAC56E7-53CB-419F-9680-7F0650FC0796}.Release|Any CPU.Build.0 = Release|Any CPU
		{EED649DF-07E4-4300-951E-74BFE61BA613}.Debug|Any CPU.ActiveCfg = Debug|Any CPU
		{EED649DF-07E4-4300-951E-74BFE61BA613}.Debug|Any CPU.Build.0 = Debug|Any CPU
		{EED649DF-07E4-4300-951E-74BFE61BA613}.Release|Any CPU.ActiveCfg = Release|Any CPU
		{EED649DF-07E4-4300-951E-74BFE61BA613}.Release|Any CPU.Build.0 = Release|Any CPU
		{0DDBC42A-4669-4EF0-9E53-E558E6075C1B}.Debug|Any CPU.ActiveCfg = Debug|Any CPU
		{0DDBC42A-4669-4EF0-9E53-E558E6075C1B}.Debug|Any CPU.Build.0 = Debug|Any CPU
		{0DDBC42A-4669-4EF0-9E53-E558E6075C1B}.Release|Any CPU.ActiveCfg = Release|Any CPU
		{0DDBC42A-4669-4EF0-9E53-E558E6075C1B}.Release|Any CPU.Build.0 = Release|Any CPU
	EndGlobalSection
	GlobalSection(SolutionProperties) = preSolution
		HideSolutionNode = FALSE
	EndGlobalSection
	GlobalSection(ExtensibilityGlobals) = postSolution
		SolutionGuid = {C4452408-DCC4-4273-8768-5AFA87AC49D6}
	EndGlobalSection
EndGlobal
